// !$*UTF8*$!
{
	archiveVersion = 1;
	classes = {
	};
	objectVersion = 46;
	objects = {

/* Begin PBXBuildFile section */
		4C7B03401D5ABB950090981E /* main.m in Sources */ = {isa = PBXBuildFile; fileRef = 4C7B033F1D5ABB950090981E /* main.m */; };
		4C7B03431D5ABB950090981E /* AppDelegate.m in Sources */ = {isa = PBXBuildFile; fileRef = 4C7B03421D5ABB950090981E /* AppDelegate.m */; };
		4C7B03461D5ABB950090981E /* ViewController.m in Sources */ = {isa = PBXBuildFile; fileRef = 4C7B03451D5ABB950090981E /* ViewController.m */; };
		4C7B03491D5ABB950090981E /* Main.storyboard in Resources */ = {isa = PBXBuildFile; fileRef = 4C7B03471D5ABB950090981E /* Main.storyboard */; };
		4C7B034B1D5ABB950090981E /* Assets.xcassets in Resources */ = {isa = PBXBuildFile; fileRef = 4C7B034A1D5ABB950090981E /* Assets.xcassets */; };
		4C7B034E1D5ABB950090981E /* LaunchScreen.storyboard in Resources */ = {isa = PBXBuildFile; fileRef = 4C7B034C1D5ABB950090981E /* LaunchScreen.storyboard */; };
		4C7B03591D5ABB950090981E /* _________Tests.m in Sources */ = {isa = PBXBuildFile; fileRef = 4C7B03581D5ABB950090981E /* _________Tests.m */; };
		4C7B03641D5ABB950090981E /* _________UITests.m in Sources */ = {isa = PBXBuildFile; fileRef = 4C7B03631D5ABB950090981E /* _________UITests.m */; };
		4C7B03721D5AC2840090981E /* 01.jpg in Resources */ = {isa = PBXBuildFile; fileRef = 4C7B03711D5AC2840090981E /* 01.jpg */; settings = {ASSET_TAGS = (); }; };
/* End PBXBuildFile section */

/* Begin PBXContainerItemProxy section */
		4C7B03551D5ABB950090981E /* PBXContainerItemProxy */ = {
			isa = PBXContainerItemProxy;
			containerPortal = 4C7B03331D5ABB950090981E /* Project object */;
			proxyType = 1;
			remoteGlobalIDString = 4C7B033A1D5ABB950090981E;
			remoteInfo = "三种生成圆角的方法";
		};
		4C7B03601D5ABB950090981E /* PBXContainerItemProxy */ = {
			isa = PBXContainerItemProxy;
			containerPortal = 4C7B03331D5ABB950090981E /* Project object */;
			proxyType = 1;
			remoteGlobalIDString = 4C7B033A1D5ABB950090981E;
			remoteInfo = "三种生成圆角的方法";
		};
/* End PBXContainerItemProxy section */

/* Begin PBXFileReference section */
		4C7B033B1D5ABB950090981E /* 三种生成圆角的方法.app */ = {isa = PBXFileReference; explicitFileType = wrapper.application; includeInIndex = 0; path = "三种生成圆角的方法.app"; sourceTree = BUILT_PRODUCTS_DIR; };
		4C7B033F1D5ABB950090981E /* main.m */ = {isa = PBXFileReference; lastKnownFileType = sourcecode.c.objc; path = main.m; sourceTree = "<group>"; };
		4C7B03411D5ABB950090981E /* AppDelegate.h */ = {isa = PBXFileReference; lastKnownFileType = sourcecode.c.h; path = AppDelegate.h; sourceTree = "<group>"; };
		4C7B03421D5ABB950090981E /* AppDelegate.m */ = {isa = PBXFileReference; lastKnownFileType = sourcecode.c.objc; path = AppDelegate.m; sourceTree = "<group>"; };
		4C7B03441D5ABB950090981E /* ViewController.h */ = {isa = PBXFileReference; lastKnownFileType = sourcecode.c.h; path = ViewController.h; sourceTree = "<group>"; };
		4C7B03451D5ABB950090981E /* ViewController.m */ = {isa = PBXFileReference; lastKnownFileType = sourcecode.c.objc; path = ViewController.m; sourceTree = "<group>"; };
		4C7B03481D5ABB950090981E /* Base */ = {isa = PBXFileReference; lastKnownFileType = file.storyboard; name = Base; path = Base.lproj/Main.storyboard; sourceTree = "<group>"; };
		4C7B034A1D5ABB950090981E /* Assets.xcassets */ = {isa = PBXFileReference; lastKnownFileType = folder.assetcatalog; path = Assets.xcassets; sourceTree = "<group>"; };
		4C7B034D1D5ABB950090981E /* Base */ = {isa = PBXFileReference; lastKnownFileType = file.storyboard; name = Base; path = Base.lproj/LaunchScreen.storyboard; sourceTree = "<group>"; };
		4C7B034F1D5ABB950090981E /* Info.plist */ = {isa = PBXFileReference; lastKnownFileType = text.plist.xml; path = Info.plist; sourceTree = "<group>"; };
		4C7B03541D5ABB950090981E /* 三种生成圆角的方法Tests.xctest */ = {isa = PBXFileReference; explicitFileType = wrapper.cfbundle; includeInIndex = 0; path = "三种生成圆角的方法Tests.xctest"; sourceTree = BUILT_PRODUCTS_DIR; };
		4C7B03581D5ABB950090981E /* _________Tests.m */ = {isa = PBXFileReference; lastKnownFileType = sourcecode.c.objc; path = "_________Tests.m"; sourceTree = "<group>"; };
		4C7B035A1D5ABB950090981E /* Info.plist */ = {isa = PBXFileReference; lastKnownFileType = text.plist.xml; path = Info.plist; sourceTree = "<group>"; };
		4C7B035F1D5ABB950090981E /* 三种生成圆角的方法UITests.xctest */ = {isa = PBXFileReference; explicitFileType = wrapper.cfbundle; includeInIndex = 0; path = "三种生成圆角的方法UITests.xctest"; sourceTree = BUILT_PRODUCTS_DIR; };
		4C7B03631D5ABB950090981E /* _________UITests.m */ = {isa = PBXFileReference; lastKnownFileType = sourcecode.c.objc; path = "_________UITests.m"; sourceTree = "<group>"; };
		4C7B03651D5ABB950090981E /* Info.plist */ = {isa = PBXFileReference; lastKnownFileType = text.plist.xml; path = Info.plist; sourceTree = "<group>"; };
		4C7B03711D5AC2840090981E /* 01.jpg */ = {isa = PBXFileReference; lastKnownFileType = image.jpeg; path = 01.jpg; sourceTree = "<group>"; };
/* End PBXFileReference section */

/* Begin PBXFrameworksBuildPhase section */
		4C7B03381D5ABB950090981E /* Frameworks */ = {
			isa = PBXFrameworksBuildPhase;
			buildActionMask = 2147483647;
			files = (
			);
			runOnlyForDeploymentPostprocessing = 0;
		};
		4C7B03511D5ABB950090981E /* Frameworks */ = {
			isa = PBXFrameworksBuildPhase;
			buildActionMask = 2147483647;
			files = (
			);
			runOnlyForDeploymentPostprocessing = 0;
		};
		4C7B035C1D5ABB950090981E /* Frameworks */ = {
			isa = PBXFrameworksBuildPhase;
			buildActionMask = 2147483647;
			files = (
			);
			runOnlyForDeploymentPostprocessing = 0;
		};
/* End PBXFrameworksBuildPhase section */

/* Begin PBXGroup section */
		4C7B03321D5ABB950090981E = {
			isa = PBXGroup;
			children = (
				4C7B033D1D5ABB950090981E /* 三种生成圆角的方法 */,
				4C7B03571D5ABB950090981E /* 三种生成圆角的方法Tests */,
				4C7B03621D5ABB950090981E /* 三种生成圆角的方法UITests */,
				4C7B033C1D5ABB950090981E /* Products */,
			);
			sourceTree = "<group>";
		};
		4C7B033C1D5ABB950090981E /* Products */ = {
			isa = PBXGroup;
			children = (
				4C7B033B1D5ABB950090981E /* 三种生成圆角的方法.app */,
				4C7B03541D5ABB950090981E /* 三种生成圆角的方法Tests.xctest */,
				4C7B035F1D5ABB950090981E /* 三种生成圆角的方法UITests.xctest */,
			);
			name = Products;
			sourceTree = "<group>";
		};
		4C7B033D1D5ABB950090981E /* 三种生成圆角的方法 */ = {
			isa = PBXGroup;
			children = (
				4C7B03411D5ABB950090981E /* AppDelegate.h */,
				4C7B03421D5ABB950090981E /* AppDelegate.m */,
				4C7B03441D5ABB950090981E /* ViewController.h */,
				4C7B03451D5ABB950090981E /* ViewController.m */,
				4C7B03471D5ABB950090981E /* Main.storyboard */,
				4C7B034A1D5ABB950090981E /* Assets.xcassets */,
				4C7B034C1D5ABB950090981E /* LaunchScreen.storyboard */,
				4C7B034F1D5ABB950090981E /* Info.plist */,
				4C7B03711D5AC2840090981E /* 01.jpg */,
				4C7B033E1D5ABB950090981E /* Supporting Files */,
			);
			path = "三种生成圆角的方法";
			sourceTree = "<group>";
		};
		4C7B033E1D5ABB950090981E /* Supporting Files */ = {
			isa = PBXGroup;
			children = (
				4C7B033F1D5ABB950090981E /* main.m */,
			);
			name = "Supporting Files";
			sourceTree = "<group>";
		};
		4C7B03571D5ABB950090981E /* 三种生成圆角的方法Tests */ = {
			isa = PBXGroup;
			children = (
				4C7B03581D5ABB950090981E /* _________Tests.m */,
				4C7B035A1D5ABB950090981E /* Info.plist */,
			);
			path = "三种生成圆角的方法Tests";
			sourceTree = "<group>";
		};
		4C7B03621D5ABB950090981E /* 三种生成圆角的方法UITests */ = {
			isa = PBXGroup;
			children = (
				4C7B03631D5ABB950090981E /* _________UITests.m */,
				4C7B03651D5ABB950090981E /* Info.plist */,
			);
			path = "三种生成圆角的方法UITests";
			sourceTree = "<group>";
		};
/* End PBXGroup section */

/* Begin PBXNativeTarget section */
		4C7B033A1D5ABB950090981E /* 三种生成圆角的方法 */ = {
			isa = PBXNativeTarget;
			buildConfigurationList = 4C7B03681D5ABB950090981E /* Build configuration list for PBXNativeTarget "三种生成圆角的方法" */;
			buildPhases = (
				4C7B03371D5ABB950090981E /* Sources */,
				4C7B03381D5ABB950090981E /* Frameworks */,
				4C7B03391D5ABB950090981E /* Resources */,
			);
			buildRules = (
			);
			dependencies = (
			);
			name = "三种生成圆角的方法";
			productName = "三种生成圆角的方法";
			productReference = 4C7B033B1D5ABB950090981E /* 三种生成圆角的方法.app */;
			productType = "com.apple.product-type.application";
		};
		4C7B03531D5ABB950090981E /* 三种生成圆角的方法Tests */ = {
			isa = PBXNativeTarget;
			buildConfigurationList = 4C7B036B1D5ABB950090981E /* Build configuration list for PBXNativeTarget "三种生成圆角的方法Tests" */;
			buildPhases = (
				4C7B03501D5ABB950090981E /* Sources */,
				4C7B03511D5ABB950090981E /* Frameworks */,
				4C7B03521D5ABB950090981E /* Resources */,
			);
			buildRules = (
			);
			dependencies = (
				4C7B03561D5ABB950090981E /* PBXTargetDependency */,
			);
			name = "三种生成圆角的方法Tests";
			productName = "三种生成圆角的方法Tests";
			productReference = 4C7B03541D5ABB950090981E /* 三种生成圆角的方法Tests.xctest */;
			productType = "com.apple.product-type.bundle.unit-test";
		};
		4C7B035E1D5ABB950090981E /* 三种生成圆角的方法UITests */ = {
			isa = PBXNativeTarget;
			buildConfigurationList = 4C7B036E1D5ABB950090981E /* Build configuration list for PBXNativeTarget "三种生成圆角的方法UITests" */;
			buildPhases = (
				4C7B035B1D5ABB950090981E /* Sources */,
				4C7B035C1D5ABB950090981E /* Frameworks */,
				4C7B035D1D5ABB950090981E /* Resources */,
			);
			buildRules = (
			);
			dependencies = (
				4C7B03611D5ABB950090981E /* PBXTargetDependency */,
			);
			name = "三种生成圆角的方法UITests";
			productName = "三种生成圆角的方法UITests";
			productReference = 4C7B035F1D5ABB950090981E /* 三种生成圆角的方法UITests.xctest */;
			productType = "com.apple.product-type.bundle.ui-testing";
		};
/* End PBXNativeTarget section */

/* Begin PBXProject section */
		4C7B03331D5ABB950090981E /* Project object */ = {
			isa = PBXProject;
			attributes = {
				LastUpgradeCheck = 0700;
				ORGANIZATIONNAME = Yanni;
				TargetAttributes = {
					4C7B033A1D5ABB950090981E = {
						CreatedOnToolsVersion = 7.0.1;
					};
					4C7B03531D5ABB950090981E = {
						CreatedOnToolsVersion = 7.0.1;
						TestTargetID = 4C7B033A1D5ABB950090981E;
					};
					4C7B035E1D5ABB950090981E = {
						CreatedOnToolsVersion = 7.0.1;
						TestTargetID = 4C7B033A1D5ABB950090981E;
					};
				};
			};
			buildConfigurationList = 4C7B03361D5ABB950090981E /* Build configuration list for PBXProject "三种生成圆角的方法" */;
			compatibilityVersion = "Xcode 3.2";
			developmentRegion = English;
			hasScannedForEncodings = 0;
			knownRegions = (
				en,
				Base,
			);
			mainGroup = 4C7B03321D5ABB950090981E;
			productRefGroup = 4C7B033C1D5ABB950090981E /* Products */;
			projectDirPath = "";
			projectRoot = "";
			targets = (
				4C7B033A1D5ABB950090981E /* 三种生成圆角的方法 */,
				4C7B03531D5ABB950090981E /* 三种生成圆角的方法Tests */,
				4C7B035E1D5ABB950090981E /* 三种生成圆角的方法UITests */,
			);
		};
/* End PBXProject section */

/* Begin PBXResourcesBuildPhase section */
		4C7B03391D5ABB950090981E /* Resources */ = {
			isa = PBXResourcesBuildPhase;
			buildActionMask = 2147483647;
			files = (
				4C7B03721D5AC2840090981E /* 01.jpg in Resources */,
				4C7B034E1D5ABB950090981E /* LaunchScreen.storyboard in Resources */,
				4C7B034B1D5ABB950090981E /* Assets.xcassets in Resources */,
				4C7B03491D5ABB950090981E /* Main.storyboard in Resources */,
			);
			runOnlyForDeploymentPostprocessing = 0;
		};
		4C7B03521D5ABB950090981E /* Resources */ = {
			isa = PBXResourcesBuildPhase;
			buildActionMask = 2147483647;
			files = (
			);
			runOnlyForDeploymentPostprocessing = 0;
		};
		4C7B035D1D5ABB950090981E /* Resources */ = {
			isa = PBXResourcesBuildPhase;
			buildActionMask = 2147483647;
			files = (
			);
			runOnlyForDeploymentPostprocessing = 0;
		};
/* End PBXResourcesBuildPhase section */

/* Begin PBXSourcesBuildPhase section */
		4C7B03371D5ABB950090981E /* Sources */ = {
			isa = PBXSourcesBuildPhase;
			buildActionMask = 2147483647;
			files = (
				4C7B03461D5ABB950090981E /* ViewController.m in Sources */,
				4C7B03431D5ABB950090981E /* AppDelegate.m in Sources */,
				4C7B03401D5ABB950090981E /* main.m in Sources */,
			);
			runOnlyForDeploymentPostprocessing = 0;
		};
		4C7B03501D5ABB950090981E /* Sources */ = {
			isa = PBXSourcesBuildPhase;
			buildActionMask = 2147483647;
			files = (
				4C7B03591D5ABB950090981E /* _________Tests.m in Sources */,
			);
			runOnlyForDeploymentPostprocessing = 0;
		};
		4C7B035B1D5ABB950090981E /* Sources */ = {
			isa = PBXSourcesBuildPhase;
			buildActionMask = 2147483647;
			files = (
				4C7B03641D5ABB950090981E /* _________UITests.m in Sources */,
			);
			runOnlyForDeploymentPostprocessing = 0;
		};
/* End PBXSourcesBuildPhase section */

/* Begin PBXTargetDependency section */
		4C7B03561D5ABB950090981E /* PBXTargetDependency */ = {
			isa = PBXTargetDependency;
			target = 4C7B033A1D5ABB950090981E /* 三种生成圆角的方法 */;
			targetProxy = 4C7B03551D5ABB950090981E /* PBXContainerItemProxy */;
		};
		4C7B03611D5ABB950090981E /* PBXTargetDependency */ = {
			isa = PBXTargetDependency;
			target = 4C7B033A1D5ABB950090981E /* 三种生成圆角的方法 */;
			targetProxy = 4C7B03601D5ABB950090981E /* PBXContainerItemProxy */;
		};
/* End PBXTargetDependency section */

/* Begin PBXVariantGroup section */
		4C7B03471D5ABB950090981E /* Main.storyboard */ = {
			isa = PBXVariantGroup;
			children = (
				4C7B03481D5ABB950090981E /* Base */,
			);
			name = Main.storyboard;
			sourceTree = "<group>";
		};
		4C7B034C1D5ABB950090981E /* LaunchScreen.storyboard */ = {
			isa = PBXVariantGroup;
			children = (
				4C7B034D1D5ABB950090981E /* Base */,
			);
			name = LaunchScreen.storyboard;
			sourceTree = "<group>";
		};
/* End PBXVariantGroup section */

/* Begin XCBuildConfiguration section */
		4C7B03661D5ABB950090981E /* Debug */ = {
			isa = XCBuildConfiguration;
			buildSettings = {
				ALWAYS_SEARCH_USER_PATHS = NO;
				CLANG_CXX_LANGUAGE_STANDARD = "gnu++0x";
				CLANG_CXX_LIBRARY = "libc++";
				CLANG_ENABLE_MODULES = YES;
				CLANG_ENABLE_OBJC_ARC = YES;
				CLANG_WARN_BOOL_CONVERSION = YES;
				CLANG_WARN_CONSTANT_CONVERSION = YES;
				CLANG_WARN_DIRECT_OBJC_ISA_USAGE = YES_ERROR;
				CLANG_WARN_EMPTY_BODY = YES;
				CLANG_WARN_ENUM_CONVERSION = YES;
				CLANG_WARN_INT_CONVERSION = YES;
				CLANG_WARN_OBJC_ROOT_CLASS = YES_ERROR;
				CLANG_WARN_UNREACHABLE_CODE = YES;
				CLANG_WARN__DUPLICATE_METHOD_MATCH = YES;
				"CODE_SIGN_IDENTITY[sdk=iphoneos*]" = "iPhone Developer";
				COPY_PHASE_STRIP = NO;
				DEBUG_INFORMATION_FORMAT = dwarf;
				ENABLE_STRICT_OBJC_MSGSEND = YES;
				ENABLE_TESTABILITY = YES;
				GCC_C_LANGUAGE_STANDARD = gnu99;
				GCC_DYNAMIC_NO_PIC = NO;
				GCC_NO_COMMON_BLOCKS = YES;
				GCC_OPTIMIZATION_LEVEL = 0;
				GCC_PREPROCESSOR_DEFINITIONS = (
					"DEBUG=1",
					"$(inherited)",
				);
				GCC_WARN_64_TO_32_BIT_CONVERSION = YES;
				GCC_WARN_ABOUT_RETURN_TYPE = YES_ERROR;
				GCC_WARN_UNDECLARED_SELECTOR = YES;
				GCC_WARN_UNINITIALIZED_AUTOS = YES_AGGRESSIVE;
				GCC_WARN_UNUSED_FUNCTION = YES;
				GCC_WARN_UNUSED_VARIABLE = YES;
				IPHONEOS_DEPLOYMENT_TARGET = 9.0;
				MTL_ENABLE_DEBUG_INFO = YES;
				ONLY_ACTIVE_ARCH = YES;
				SDKROOT = iphoneos;
				TARGETED_DEVICE_FAMILY = "1,2";
			};
			name = Debug;
		};
		4C7B03671D5ABB950090981E /* Release */ = {
			isa = XCBuildConfiguration;
			buildSettings = {
				ALWAYS_SEARCH_USER_PATHS = NO;
				CLANG_CXX_LANGUAGE_STANDARD = "gnu++0x";
				CLANG_CXX_LIBRARY = "libc++";
				CLANG_ENABLE_MODULES = YES;
				CLANG_ENABLE_OBJC_ARC = YES;
				CLANG_WARN_BOOL_CONVERSION = YES;
				CLANG_WARN_CONSTANT_CONVERSION = YES;
				CLANG_WARN_DIRECT_OBJC_ISA_USAGE = YES_ERROR;
				CLANG_WARN_EMPTY_BODY = YES;
				CLANG_WARN_ENUM_CONVERSION = YES;
				CLANG_WARN_INT_CONVERSION = YES;
				CLANG_WARN_OBJC_ROOT_CLASS = YES_ERROR;
				CLANG_WARN_UNREACHABLE_CODE = YES;
				CLANG_WARN__DUPLICATE_METHOD_MATCH = YES;
				"CODE_SIGN_IDENTITY[sdk=iphoneos*]" = "iPhone Developer";
				COPY_PHASE_STRIP = NO;
				DEBUG_INFORMATION_FORMAT = "dwarf-with-dsym";
				ENABLE_NS_ASSERTIONS = NO;
				ENABLE_STRICT_OBJC_MSGSEND = YES;
				GCC_C_LANGUAGE_STANDARD = gnu99;
				GCC_NO_COMMON_BLOCKS = YES;
				GCC_WARN_64_TO_32_BIT_CONVERSION = YES;
				GCC_WARN_ABOUT_RETURN_TYPE = YES_ERROR;
				GCC_WARN_UNDECLARED_SELECTOR = YES;
				GCC_WARN_UNINITIALIZED_AUTOS = YES_AGGRESSIVE;
				GCC_WARN_UNUSED_FUNCTION = YES;
				GCC_WARN_UNUSED_VARIABLE = YES;
				IPHONEOS_DEPLOYMENT_TARGET = 9.0;
				MTL_ENABLE_DEBUG_INFO = NO;
				SDKROOT = iphoneos;
				TARGETED_DEVICE_FAMILY = "1,2";
				VALIDATE_PRODUCT = YES;
			};
			name = Release;
		};
		4C7B03691D5ABB950090981E /* Debug */ = {
			isa = XCBuildConfiguration;
			buildSettings = {
				ASSETCATALOG_COMPILER_APPICON_NAME = AppIcon;
				INFOPLIST_FILE = "三种生成圆角的方法/Info.plist";
				LD_RUNPATH_SEARCH_PATHS = "$(inherited) @executable_path/Frameworks";
				PRODUCT_BUNDLE_IDENTIFIER = "YY.---------";
				PRODUCT_NAME = "$(TARGET_NAME)";
			};
			name = Debug;
		};
		4C7B036A1D5ABB950090981E /* Release */ = {
			isa = XCBuildConfiguration;
			buildSettings = {
				ASSETCATALOG_COMPILER_APPICON_NAME = AppIcon;
				INFOPLIST_FILE = "三种生成圆角的方法/Info.plist";
				LD_RUNPATH_SEARCH_PATHS = "$(inherited) @executable_path/Frameworks";
				PRODUCT_BUNDLE_IDENTIFIER = "YY.---------";
				PRODUCT_NAME = "$(TARGET_NAME)";
			};
			name = Release;
		};
		4C7B036C1D5ABB950090981E /* Debug */ = {
			isa = XCBuildConfiguration;
			buildSettings = {
				BUNDLE_LOADER = "$(TEST_HOST)";
				INFOPLIST_FILE = "三种生成圆角的方法Tests/Info.plist";
				LD_RUNPATH_SEARCH_PATHS = "$(inherited) @executable_path/Frameworks @loader_path/Frameworks";
				PRODUCT_BUNDLE_IDENTIFIER = "YY.---------Tests";
				PRODUCT_NAME = "$(TARGET_NAME)";
				TEST_HOST = "$(BUILT_PRODUCTS_DIR)/三种生成圆角的方法.app/三种生成圆角的方法";
			};
			name = Debug;
		};
		4C7B036D1D5ABB950090981E /* Release */ = {
			isa = XCBuildConfiguration;
			buildSettings = {
				BUNDLE_LOADER = "$(TEST_HOST)";
				INFOPLIST_FILE = "三种生成圆角的方法Tests/Info.plist";
				LD_RUNPATH_SEARCH_PATHS = "$(inherited) @executable_path/Frameworks @loader_path/Frameworks";
				PRODUCT_BUNDLE_IDENTIFIER = "YY.---------Tests";
				PRODUCT_NAME = "$(TARGET_NAME)";
				TEST_HOST = "$(BUILT_PRODUCTS_DIR)/三种生成圆角的方法.app/三种生成圆角的方法";
			};
			name = Release;
		};
		4C7B036F1D5ABB950090981E /* Debug */ = {
			isa = XCBuildConfiguration;
			buildSettings = {
				INFOPLIST_FILE = "三种生成圆角的方法UITests/Info.plist";
				LD_RUNPATH_SEARCH_PATHS = "$(inherited) @executable_path/Frameworks @loader_path/Frameworks";
				PRODUCT_BUNDLE_IDENTIFIER = "YY.---------UITests";
				PRODUCT_NAME = "$(TARGET_NAME)";
				TEST_TARGET_NAME = "三种生成圆角的方法";
				USES_XCTRUNNER = YES;
			};
			name = Debug;
		};
		4C7B03701D5ABB950090981E /* Release */ = {
			isa = XCBuildConfiguration;
			buildSettings = {
				INFOPLIST_FILE = "三种生成圆角的方法UITests/Info.plist";
				LD_RUNPATH_SEARCH_PATHS = "$(inherited) @executable_path/Frameworks @loader_path/Frameworks";
				PRODUCT_BUNDLE_IDENTIFIER = "YY.---------UITests";
				PRODUCT_NAME = "$(TARGET_NAME)";
				TEST_TARGET_NAME = "三种生成圆角的方法";
				USES_XCTRUNNER = YES;
			};
			name = Release;
		};
/* End XCBuildConfiguration section */

/* Begin XCConfigurationList section */
		4C7B03361D5ABB950090981E /* Build configuration list for PBXProject "三种生成圆角的方法" */ = {
			isa = XCConfigurationList;
			buildConfigurations = (
				4C7B03661D5ABB950090981E /* Debug */,
				4C7B03671D5ABB950090981E /* Release */,
			);
			defaultConfigurationIsVisible = 0;
			defaultConfigurationName = Release;
		};
		4C7B03681D5ABB950090981E /* Build configuration list for PBXNativeTarget "三种生成圆角的方法" */ = {
			isa = XCConfigurationList;
			buildConfigurations = (
				4C7B03691D5ABB950090981E /* Debug */,
				4C7B036A1D5ABB950090981E /* Release */,
			);
			defaultConfigurationIsVisible = 0;
			defaultConfigurationName = Release;
		};
		4C7B036B1D5ABB950090981E /* Build configuration list for PBXNativeTarget "三种生成圆角的方法Tests" */ = {
			isa = XCConfigurationList;
			buildConfigurations = (
				4C7B036C1D5ABB950090981E /* Debug */,
				4C7B036D1D5ABB950090981E /* Release */,
			);
			defaultConfigurationIsVisible = 0;
			defaultConfigurationName = Release;
		};
		4C7B036E1D5ABB950090981E /* Build configuration list for PBXNativeTarget "三种生成圆角的方法UITests" */ = {
			isa = XCConfigurationList;
			buildConfigurations = (
				4C7B036F1D5ABB950090981E /* Debug */,
				4C7B03701D5ABB950090981E /* Release */,
			);
			defaultConfigurationIsVisible = 0;
			defaultConfigurationName = Release;
		};
/* End XCConfigurationList section */
	};
	rootObject = 4C7B03331D5ABB950090981E /* Project object */;
}
